// !$*UTF8*$!
{
	archiveVersion = 1;
	classes = {
	};
	objectVersion = 56;
	objects = {

/* Begin PBXBuildFile section */
		1F8922122249D4CDE353A083 /* Pods_MovieBrowser2.framework in Frameworks */ = {isa = PBXBuildFile; fileRef = 70DEB70DBD2BDE7579DD6E9A /* Pods_MovieBrowser2.framework */; };
		C23A1EBF2D1BF7610095ACBB /* AppDelegate.swift in Sources */ = {isa = PBXBuildFile; fileRef = C23A1EBE2D1BF7610095ACBB /* AppDelegate.swift */; };
		C23A1EC12D1BF7610095ACBB /* SceneDelegate.swift in Sources */ = {isa = PBXBuildFile; fileRef = C23A1EC02D1BF7610095ACBB /* SceneDelegate.swift */; };
		C23A1EC62D1BF7620095ACBB /* Base in Resources */ = {isa = PBXBuildFile; fileRef = C23A1EC52D1BF7620095ACBB /* Base */; };
		C23A1EC82D1BF7630095ACBB /* Assets.xcassets in Resources */ = {isa = PBXBuildFile; fileRef = C23A1EC72D1BF7630095ACBB /* Assets.xcassets */; };
		C23A1ECB2D1BF7630095ACBB /* Base in Resources */ = {isa = PBXBuildFile; fileRef = C23A1ECA2D1BF7630095ACBB /* Base */; };
		C23A1ED32D1C0F950095ACBB /* MovieTableViewCell.swift in Sources */ = {isa = PBXBuildFile; fileRef = C23A1ED22D1C0F950095ACBB /* MovieTableViewCell.swift */; };
		C23A1ED72D1C12B00095ACBB /* MovieTableViewController.swift in Sources */ = {isa = PBXBuildFile; fileRef = C23A1ED62D1C12B00095ACBB /* MovieTableViewController.swift */; };
		C23A1ED92D1C54130095ACBB /* NetworkingManager.swift in Sources */ = {isa = PBXBuildFile; fileRef = C23A1ED82D1C54130095ACBB /* NetworkingManager.swift */; };
		C23A1EDB2D1C57020095ACBB /* MovieResponse.swift in Sources */ = {isa = PBXBuildFile; fileRef = C23A1EDA2D1C57020095ACBB /* MovieResponse.swift */; };
		C23A1EE22D1D2E300095ACBB /* MovieDetailsViewController.swift in Sources */ = {isa = PBXBuildFile; fileRef = C23A1EE12D1D2E300095ACBB /* MovieDetailsViewController.swift */; };
		C23A1EE42D1D66E10095ACBB /* UIViewController+Extensions.swift in Sources */ = {isa = PBXBuildFile; fileRef = C23A1EE32D1D66E10095ACBB /* UIViewController+Extensions.swift */; };
		C27310CC2D1D927A0055081E /* SDWebImage in Frameworks */ = {isa = PBXBuildFile; productRef = C27310CB2D1D927A0055081E /* SDWebImage */; };
		C27310CE2D1D927A0055081E /* SDWebImageMapKit in Frameworks */ = {isa = PBXBuildFile; productRef = C27310CD2D1D927A0055081E /* SDWebImageMapKit */; };
		C27310D02D1D94B70055081E /* APIKeys.plist in Resources */ = {isa = PBXBuildFile; fileRef = C27310CF2D1D94B70055081E /* APIKeys.plist */; };
		C27310DA2D1D9EE50055081E /* TemplateApiKeys.plist in Resources */ = {isa = PBXBuildFile; fileRef = C27310D92D1D9EE50055081E /* TemplateApiKeys.plist */; };
/* End PBXBuildFile section */

/* Begin PBXFileReference section */
		70DEB70DBD2BDE7579DD6E9A /* Pods_MovieBrowser2.framework */ = {isa = PBXFileReference; explicitFileType = wrapper.framework; includeInIndex = 0; path = Pods_MovieBrowser2.framework; sourceTree = BUILT_PRODUCTS_DIR; };
		BFC382D249FCA7FFA862F2DA /* Pods-MovieBrowser2.debug.xcconfig */ = {isa = PBXFileReference; includeInIndex = 1; lastKnownFileType = text.xcconfig; name = "Pods-MovieBrowser2.debug.xcconfig"; path = "Target Support Files/Pods-MovieBrowser2/Pods-MovieBrowser2.debug.xcconfig"; sourceTree = "<group>"; };
		C23A1EBB2D1BF7610095ACBB /* MovieBrowser2.app */ = {isa = PBXFileReference; explicitFileType = wrapper.application; includeInIndex = 0; path = MovieBrowser2.app; sourceTree = BUILT_PRODUCTS_DIR; };
		C23A1EBE2D1BF7610095ACBB /* AppDelegate.swift */ = {isa = PBXFileReference; lastKnownFileType = sourcecode.swift; path = AppDelegate.swift; sourceTree = "<group>"; };
		C23A1EC02D1BF7610095ACBB /* SceneDelegate.swift */ = {isa = PBXFileReference; lastKnownFileType = sourcecode.swift; path = SceneDelegate.swift; sourceTree = "<group>"; };
		C23A1EC52D1BF7620095ACBB /* Base */ = {isa = PBXFileReference; lastKnownFileType = file.storyboard; name = Base; path = Base.lproj/Main.storyboard; sourceTree = "<group>"; };
		C23A1EC72D1BF7630095ACBB /* Assets.xcassets */ = {isa = PBXFileReference; lastKnownFileType = folder.assetcatalog; path = Assets.xcassets; sourceTree = "<group>"; };
		C23A1ECA2D1BF7630095ACBB /* Base */ = {isa = PBXFileReference; lastKnownFileType = file.storyboard; name = Base; path = Base.lproj/LaunchScreen.storyboard; sourceTree = "<group>"; };
		C23A1ECC2D1BF7630095ACBB /* Info.plist */ = {isa = PBXFileReference; lastKnownFileType = text.plist.xml; path = Info.plist; sourceTree = "<group>"; };
		C23A1ED22D1C0F950095ACBB /* MovieTableViewCell.swift */ = {isa = PBXFileReference; lastKnownFileType = sourcecode.swift; path = MovieTableViewCell.swift; sourceTree = "<group>"; };
		C23A1ED62D1C12B00095ACBB /* MovieTableViewController.swift */ = {isa = PBXFileReference; lastKnownFileType = sourcecode.swift; path = MovieTableViewController.swift; sourceTree = "<group>"; };
		C23A1ED82D1C54130095ACBB /* NetworkingManager.swift */ = {isa = PBXFileReference; lastKnownFileType = sourcecode.swift; path = NetworkingManager.swift; sourceTree = "<group>"; };
		C23A1EDA2D1C57020095ACBB /* MovieResponse.swift */ = {isa = PBXFileReference; lastKnownFileType = sourcecode.swift; path = MovieResponse.swift; sourceTree = "<group>"; };
		C23A1EE12D1D2E300095ACBB /* MovieDetailsViewController.swift */ = {isa = PBXFileReference; lastKnownFileType = sourcecode.swift; path = MovieDetailsViewController.swift; sourceTree = "<group>"; };
		C23A1EE32D1D66E10095ACBB /* UIViewController+Extensions.swift */ = {isa = PBXFileReference; lastKnownFileType = sourcecode.swift; path = "UIViewController+Extensions.swift"; sourceTree = "<group>"; };
		C27310CF2D1D94B70055081E /* APIKeys.plist */ = {isa = PBXFileReference; lastKnownFileType = text.plist.xml; path = APIKeys.plist; sourceTree = "<group>"; };
		C27310D92D1D9EE50055081E /* TemplateApiKeys.plist */ = {isa = PBXFileReference; lastKnownFileType = text.plist.xml; path = TemplateApiKeys.plist; sourceTree = "<group>"; };
		F46FF12B1BEE585F53BB5907 /* Pods-MovieBrowser2.release.xcconfig */ = {isa = PBXFileReference; includeInIndex = 1; lastKnownFileType = text.xcconfig; name = "Pods-MovieBrowser2.release.xcconfig"; path = "Target Support Files/Pods-MovieBrowser2/Pods-MovieBrowser2.release.xcconfig"; sourceTree = "<group>"; };
/* End PBXFileReference section */

/* Begin PBXFrameworksBuildPhase section */
		C23A1EB82D1BF7610095ACBB /* Frameworks */ = {
			isa = PBXFrameworksBuildPhase;
			buildActionMask = 2147483647;
			files = (
				C27310CC2D1D927A0055081E /* SDWebImage in Frameworks */,
				C27310CE2D1D927A0055081E /* SDWebImageMapKit in Frameworks */,
				1F8922122249D4CDE353A083 /* Pods_MovieBrowser2.framework in Frameworks */,
			);
			runOnlyForDeploymentPostprocessing = 0;
		};
/* End PBXFrameworksBuildPhase section */

/* Begin PBXGroup section */
		6AB516681DF328C0896AC797 /* Pods */ = {
			isa = PBXGroup;
			children = (
				BFC382D249FCA7FFA862F2DA /* Pods-MovieBrowser2.debug.xcconfig */,
				F46FF12B1BEE585F53BB5907 /* Pods-MovieBrowser2.release.xcconfig */,
			);
			path = Pods;
			sourceTree = "<group>";
		};
		73292F123FDA173BEC954D36 /* Frameworks */ = {
			isa = PBXGroup;
			children = (
				70DEB70DBD2BDE7579DD6E9A /* Pods_MovieBrowser2.framework */,
			);
			name = Frameworks;
			sourceTree = "<group>";
		};
		C23A1EB22D1BF7610095ACBB = {
			isa = PBXGroup;
			children = (
				C23A1EBD2D1BF7610095ACBB /* MovieBrowser2 */,
				C23A1EBC2D1BF7610095ACBB /* Products */,
				6AB516681DF328C0896AC797 /* Pods */,
				73292F123FDA173BEC954D36 /* Frameworks */,
			);
			sourceTree = "<group>";
		};
		C23A1EBC2D1BF7610095ACBB /* Products */ = {
			isa = PBXGroup;
			children = (
				C23A1EBB2D1BF7610095ACBB /* MovieBrowser2.app */,
			);
			name = Products;
			sourceTree = "<group>";
		};
		C23A1EBD2D1BF7610095ACBB /* MovieBrowser2 */ = {
			isa = PBXGroup;
			children = (
				C27310D12D1D9C040055081E /* Sources */,
				C23A1EBE2D1BF7610095ACBB /* AppDelegate.swift */,
				C23A1EC02D1BF7610095ACBB /* SceneDelegate.swift */,
				C23A1EC42D1BF7620095ACBB /* Main.storyboard */,
				C23A1EC72D1BF7630095ACBB /* Assets.xcassets */,
				C23A1EC92D1BF7630095ACBB /* LaunchScreen.storyboard */,
				C23A1ECC2D1BF7630095ACBB /* Info.plist */,
				C27310CF2D1D94B70055081E /* APIKeys.plist */,
				C27310D92D1D9EE50055081E /* TemplateApiKeys.plist */,
			);
			path = MovieBrowser2;
			sourceTree = "<group>";
		};
		C27310D12D1D9C040055081E /* Sources */ = {
			isa = PBXGroup;
			children = (
				C27310D62D1D9CA10055081E /* Extensions */,
				C27310D52D1D9C6E0055081E /* Views */,
				C27310D42D1D9C390055081E /* Models */,
				C27310D32D1D9C1D0055081E /* Networking */,
				C27310D22D1D9C140055081E /* Controllers */,
			);
			path = Sources;
			sourceTree = "<group>";
		};
		C27310D22D1D9C140055081E /* Controllers */ = {
			isa = PBXGroup;
			children = (
				C23A1ED62D1C12B00095ACBB /* MovieTableViewController.swift */,
				C23A1EE12D1D2E300095ACBB /* MovieDetailsViewController.swift */,
			);
			path = Controllers;
			sourceTree = "<group>";
		};
		C27310D32D1D9C1D0055081E /* Networking */ = {
			isa = PBXGroup;
			children = (
				C23A1ED82D1C54130095ACBB /* NetworkingManager.swift */,
			);
			path = Networking;
			sourceTree = "<group>";
		};
		C27310D42D1D9C390055081E /* Models */ = {
			isa = PBXGroup;
			children = (
				C23A1EDA2D1C57020095ACBB /* MovieResponse.swift */,
			);
			path = Models;
			sourceTree = "<group>";
		};
		C27310D52D1D9C6E0055081E /* Views */ = {
			isa = PBXGroup;
			children = (
				C23A1ED22D1C0F950095ACBB /* MovieTableViewCell.swift */,
			);
			path = Views;
			sourceTree = "<group>";
		};
		C27310D62D1D9CA10055081E /* Extensions */ = {
			isa = PBXGroup;
			children = (
				C23A1EE32D1D66E10095ACBB /* UIViewController+Extensions.swift */,
			);
			path = Extensions;
			sourceTree = "<group>";
		};
/* End PBXGroup section */

/* Begin PBXNativeTarget section */
		C23A1EBA2D1BF7610095ACBB /* MovieBrowser2 */ = {
			isa = PBXNativeTarget;
			buildConfigurationList = C23A1ECF2D1BF7630095ACBB /* Build configuration list for PBXNativeTarget "MovieBrowser2" */;
			buildPhases = (
				86D6D5A89A8EE94D04604B23 /* [CP] Check Pods Manifest.lock */,
				C23A1EB72D1BF7610095ACBB /* Sources */,
				C23A1EB82D1BF7610095ACBB /* Frameworks */,
				C23A1EB92D1BF7610095ACBB /* Resources */,
			);
			buildRules = (
			);
			dependencies = (
			);
			name = MovieBrowser2;
			packageProductDependencies = (
				C27310CB2D1D927A0055081E /* SDWebImage */,
				C27310CD2D1D927A0055081E /* SDWebImageMapKit */,
			);
			productName = MovieBrowser2;
			productReference = C23A1EBB2D1BF7610095ACBB /* MovieBrowser2.app */;
			productType = "com.apple.product-type.application";
		};
/* End PBXNativeTarget section */

/* Begin PBXProject section */
		C23A1EB32D1BF7610095ACBB /* Project object */ = {
			isa = PBXProject;
			attributes = {
				BuildIndependentTargetsInParallel = 1;
				LastSwiftUpdateCheck = 1540;
				LastUpgradeCheck = 1540;
				TargetAttributes = {
					C23A1EBA2D1BF7610095ACBB = {
						CreatedOnToolsVersion = 15.4;
					};
				};
			};
			buildConfigurationList = C23A1EB62D1BF7610095ACBB /* Build configuration list for PBXProject "MovieBrowser2" */;
			compatibilityVersion = "Xcode 14.0";
			developmentRegion = en;
			hasScannedForEncodings = 0;
			knownRegions = (
				en,
				Base,
			);
			mainGroup = C23A1EB22D1BF7610095ACBB;
			packageReferences = (
				C27310CA2D1D927A0055081E /* XCRemoteSwiftPackageReference "SDWebImage" */,
			);
			productRefGroup = C23A1EBC2D1BF7610095ACBB /* Products */;
			projectDirPath = "";
			projectRoot = "";
			targets = (
				C23A1EBA2D1BF7610095ACBB /* MovieBrowser2 */,
			);
		};
/* End PBXProject section */

/* Begin PBXResourcesBuildPhase section */
		C23A1EB92D1BF7610095ACBB /* Resources */ = {
			isa = PBXResourcesBuildPhase;
			buildActionMask = 2147483647;
			files = (
				C23A1EC82D1BF7630095ACBB /* Assets.xcassets in Resources */,
				C27310D02D1D94B70055081E /* APIKeys.plist in Resources */,
				C23A1ECB2D1BF7630095ACBB /* Base in Resources */,
				C23A1EC62D1BF7620095ACBB /* Base in Resources */,
				C27310DA2D1D9EE50055081E /* TemplateApiKeys.plist in Resources */,
			);
			runOnlyForDeploymentPostprocessing = 0;
		};
/* End PBXResourcesBuildPhase section */

/* Begin PBXShellScriptBuildPhase section */
		86D6D5A89A8EE94D04604B23 /* [CP] Check Pods Manifest.lock */ = {
			isa = PBXShellScriptBuildPhase;
			buildActionMask = 2147483647;
			files = (
			);
			inputFileListPaths = (
			);
			inputPaths = (
				"${PODS_PODFILE_DIR_PATH}/Podfile.lock",
				"${PODS_ROOT}/Manifest.lock",
			);
			name = "[CP] Check Pods Manifest.lock";
			outputFileListPaths = (
			);
			outputPaths = (
				"$(DERIVED_FILE_DIR)/Pods-MovieBrowser2-checkManifestLockResult.txt",
			);
			runOnlyForDeploymentPostprocessing = 0;
			shellPath = /bin/sh;
			shellScript = "diff \"${PODS_PODFILE_DIR_PATH}/Podfile.lock\" \"${PODS_ROOT}/Manifest.lock\" > /dev/null\nif [ $? != 0 ] ; then\n    # print error to STDERR\n    echo \"error: The sandbox is not in sync with the Podfile.lock. Run 'pod install' or update your CocoaPods installation.\" >&2\n    exit 1\nfi\n# This output is used by Xcode 'outputs' to avoid re-running this script phase.\necho \"SUCCESS\" > \"${SCRIPT_OUTPUT_FILE_0}\"\n";
			showEnvVarsInLog = 0;
		};
/* End PBXShellScriptBuildPhase section */

/* Begin PBXSourcesBuildPhase section */
		C23A1EB72D1BF7610095ACBB /* Sources */ = {
			isa = PBXSourcesBuildPhase;
			buildActionMask = 2147483647;
			files = (
				C23A1EE22D1D2E300095ACBB /* MovieDetailsViewController.swift in Sources */,
				C23A1EDB2D1C57020095ACBB /* MovieResponse.swift in Sources */,
				C23A1ED72D1C12B00095ACBB /* MovieTableViewController.swift in Sources */,
				C23A1ED32D1C0F950095ACBB /* MovieTableViewCell.swift in Sources */,
				C23A1EE42D1D66E10095ACBB /* UIViewController+Extensions.swift in Sources */,
				C23A1ED92D1C54130095ACBB /* NetworkingManager.swift in Sources */,
				C23A1EBF2D1BF7610095ACBB /* AppDelegate.swift in Sources */,
				C23A1EC12D1BF7610095ACBB /* SceneDelegate.swift in Sources */,
			);
			runOnlyForDeploymentPostprocessing = 0;
		};
/* End PBXSourcesBuildPhase section */

/* Begin PBXVariantGroup section */
		C23A1EC42D1BF7620095ACBB /* Main.storyboard */ = {
			isa = PBXVariantGroup;
			children = (
				C23A1EC52D1BF7620095ACBB /* Base */,
			);
			name = Main.storyboard;
			sourceTree = "<group>";
		};
		C23A1EC92D1BF7630095ACBB /* LaunchScreen.storyboard */ = {
			isa = PBXVariantGroup;
			children = (
				C23A1ECA2D1BF7630095ACBB /* Base */,
			);
			name = LaunchScreen.storyboard;
			sourceTree = "<group>";
		};
/* End PBXVariantGroup section */

/* Begin XCBuildConfiguration section */
		C23A1ECD2D1BF7630095ACBB /* Debug */ = {
			isa = XCBuildConfiguration;
			buildSettings = {
				ALWAYS_SEARCH_USER_PATHS = NO;
				ASSETCATALOG_COMPILER_GENERATE_SWIFT_ASSET_SYMBOL_EXTENSIONS = YES;
				CLANG_ANALYZER_NONNULL = YES;
				CLANG_ANALYZER_NUMBER_OBJECT_CONVERSION = YES_AGGRESSIVE;
				CLANG_CXX_LANGUAGE_STANDARD = "gnu++20";
				CLANG_ENABLE_MODULES = YES;
				CLANG_ENABLE_OBJC_ARC = YES;
				CLANG_ENABLE_OBJC_WEAK = YES;
				CLANG_WARN_BLOCK_CAPTURE_AUTORELEASING = YES;
				CLANG_WARN_BOOL_CONVERSION = YES;
				CLANG_WARN_COMMA = YES;
				CLANG_WARN_CONSTANT_CONVERSION = YES;
				CLANG_WARN_DEPRECATED_OBJC_IMPLEMENTATIONS = YES;
				CLANG_WARN_DIRECT_OBJC_ISA_USAGE = YES_ERROR;
				CLANG_WARN_DOCUMENTATION_COMMENTS = YES;
				CLANG_WARN_EMPTY_BODY = YES;
				CLANG_WARN_ENUM_CONVERSION = YES;
				CLANG_WARN_INFINITE_RECURSION = YES;
				CLANG_WARN_INT_CONVERSION = YES;
				CLANG_WARN_NON_LITERAL_NULL_CONVERSION = YES;
				CLANG_WARN_OBJC_IMPLICIT_RETAIN_SELF = YES;
				CLANG_WARN_OBJC_LITERAL_CONVERSION = YES;
				CLANG_WARN_OBJC_ROOT_CLASS = YES_ERROR;
				CLANG_WARN_QUOTED_INCLUDE_IN_FRAMEWORK_HEADER = YES;
				CLANG_WARN_RANGE_LOOP_ANALYSIS = YES;
				CLANG_WARN_STRICT_PROTOTYPES = YES;
				CLANG_WARN_SUSPICIOUS_MOVE = YES;
				CLANG_WARN_UNGUARDED_AVAILABILITY = YES_AGGRESSIVE;
				CLANG_WARN_UNREACHABLE_CODE = YES;
				CLANG_WARN__DUPLICATE_METHOD_MATCH = YES;
				COPY_PHASE_STRIP = NO;
				DEBUG_INFORMATION_FORMAT = dwarf;
				ENABLE_STRICT_OBJC_MSGSEND = YES;
				ENABLE_TESTABILITY = YES;
				ENABLE_USER_SCRIPT_SANDBOXING = YES;
				GCC_C_LANGUAGE_STANDARD = gnu17;
				GCC_DYNAMIC_NO_PIC = NO;
				GCC_NO_COMMON_BLOCKS = YES;
				GCC_OPTIMIZATION_LEVEL = 0;
				GCC_PREPROCESSOR_DEFINITIONS = (
					"DEBUG=1",
					"$(inherited)",
				);
				GCC_WARN_64_TO_32_BIT_CONVERSION = YES;
				GCC_WARN_ABOUT_RETURN_TYPE = YES_ERROR;
				GCC_WARN_UNDECLARED_SELECTOR = YES;
				GCC_WARN_UNINITIALIZED_AUTOS = YES_AGGRESSIVE;
				GCC_WARN_UNUSED_FUNCTION = YES;
				GCC_WARN_UNUSED_VARIABLE = YES;
				IPHONEOS_DEPLOYMENT_TARGET = 17.5;
				LOCALIZATION_PREFERS_STRING_CATALOGS = YES;
				MTL_ENABLE_DEBUG_INFO = INCLUDE_SOURCE;
				MTL_FAST_MATH = YES;
				ONLY_ACTIVE_ARCH = YES;
				SDKROOT = iphoneos;
				SWIFT_ACTIVE_COMPILATION_CONDITIONS = "DEBUG $(inherited)";
				SWIFT_OPTIMIZATION_LEVEL = "-Onone";
			};
			name = Debug;
		};
		C23A1ECE2D1BF7630095ACBB /* Release */ = {
			isa = XCBuildConfiguration;
			buildSettings = {
				ALWAYS_SEARCH_USER_PATHS = NO;
				ASSETCATALOG_COMPILER_GENERATE_SWIFT_ASSET_SYMBOL_EXTENSIONS = YES;
				CLANG_ANALYZER_NONNULL = YES;
				CLANG_ANALYZER_NUMBER_OBJECT_CONVERSION = YES_AGGRESSIVE;
				CLANG_CXX_LANGUAGE_STANDARD = "gnu++20";
				CLANG_ENABLE_MODULES = YES;
				CLANG_ENABLE_OBJC_ARC = YES;
				CLANG_ENABLE_OBJC_WEAK = YES;
				CLANG_WARN_BLOCK_CAPTURE_AUTORELEASING = YES;
				CLANG_WARN_BOOL_CONVERSION = YES;
				CLANG_WARN_COMMA = YES;
				CLANG_WARN_CONSTANT_CONVERSION = YES;
				CLANG_WARN_DEPRECATED_OBJC_IMPLEMENTATIONS = YES;
				CLANG_WARN_DIRECT_OBJC_ISA_USAGE = YES_ERROR;
				CLANG_WARN_DOCUMENTATION_COMMENTS = YES;
				CLANG_WARN_EMPTY_BODY = YES;
				CLANG_WARN_ENUM_CONVERSION = YES;
				CLANG_WARN_INFINITE_RECURSION = YES;
				CLANG_WARN_INT_CONVERSION = YES;
				CLANG_WARN_NON_LITERAL_NULL_CONVERSION = YES;
				CLANG_WARN_OBJC_IMPLICIT_RETAIN_SELF = YES;
				CLANG_WARN_OBJC_LITERAL_CONVERSION = YES;
				CLANG_WARN_OBJC_ROOT_CLASS = YES_ERROR;
				CLANG_WARN_QUOTED_INCLUDE_IN_FRAMEWORK_HEADER = YES;
				CLANG_WARN_RANGE_LOOP_ANALYSIS = YES;
				CLANG_WARN_STRICT_PROTOTYPES = YES;
				CLANG_WARN_SUSPICIOUS_MOVE = YES;
				CLANG_WARN_UNGUARDED_AVAILABILITY = YES_AGGRESSIVE;
				CLANG_WARN_UNREACHABLE_CODE = YES;
				CLANG_WARN__DUPLICATE_METHOD_MATCH = YES;
				COPY_PHASE_STRIP = NO;
				DEBUG_INFORMATION_FORMAT = "dwarf-with-dsym";
				ENABLE_NS_ASSERTIONS = NO;
				ENABLE_STRICT_OBJC_MSGSEND = YES;
				ENABLE_USER_SCRIPT_SANDBOXING = YES;
				GCC_C_LANGUAGE_STANDARD = gnu17;
				GCC_NO_COMMON_BLOCKS = YES;
				GCC_WARN_64_TO_32_BIT_CONVERSION = YES;
				GCC_WARN_ABOUT_RETURN_TYPE = YES_ERROR;
				GCC_WARN_UNDECLARED_SELECTOR = YES;
				GCC_WARN_UNINITIALIZED_AUTOS = YES_AGGRESSIVE;
				GCC_WARN_UNUSED_FUNCTION = YES;
				GCC_WARN_UNUSED_VARIABLE = YES;
				IPHONEOS_DEPLOYMENT_TARGET = 17.5;
				LOCALIZATION_PREFERS_STRING_CATALOGS = YES;
				MTL_ENABLE_DEBUG_INFO = NO;
				MTL_FAST_MATH = YES;
				SDKROOT = iphoneos;
				SWIFT_COMPILATION_MODE = wholemodule;
				VALIDATE_PRODUCT = YES;
			};
			name = Release;
		};
		C23A1ED02D1BF7630095ACBB /* Debug */ = {
			isa = XCBuildConfiguration;
			baseConfigurationReference = BFC382D249FCA7FFA862F2DA /* Pods-MovieBrowser2.debug.xcconfig */;
			buildSettings = {
				ASSETCATALOG_COMPILER_APPICON_NAME = AppIcon;
				ASSETCATALOG_COMPILER_GLOBAL_ACCENT_COLOR_NAME = AccentColor;
				CODE_SIGN_STYLE = Manual;
				CURRENT_PROJECT_VERSION = 1;
				DEVELOPMENT_TEAM = "";
				GENERATE_INFOPLIST_FILE = YES;
				INFOPLIST_FILE = MovieBrowser2/Info.plist;
				INFOPLIST_KEY_UIApplicationSupportsIndirectInputEvents = YES;
				INFOPLIST_KEY_UILaunchStoryboardName = LaunchScreen;
				INFOPLIST_KEY_UIMainStoryboardFile = Main;
				INFOPLIST_KEY_UISupportedInterfaceOrientations_iPad = "UIInterfaceOrientationPortrait UIInterfaceOrientationPortraitUpsideDown UIInterfaceOrientationLandscapeLeft UIInterfaceOrientationLandscapeRight";
				INFOPLIST_KEY_UISupportedInterfaceOrientations_iPhone = "UIInterfaceOrientationPortrait UIInterfaceOrientationLandscapeLeft UIInterfaceOrientationLandscapeRight";
				LD_RUNPATH_SEARCH_PATHS = (
					"$(inherited)",
					"@executable_path/Frameworks",
				);
				MARKETING_VERSION = 1.0;
				PRODUCT_BUNDLE_IDENTIFIER = edmund.MovieBrowser2;
				PRODUCT_NAME = "$(TARGET_NAME)";
				PROVISIONING_PROFILE_SPECIFIER = "";
				SWIFT_EMIT_LOC_STRINGS = YES;
				SWIFT_VERSION = 5.0;
				TARGETED_DEVICE_FAMILY = "1,2";
			};
			name = Debug;
		};
		C23A1ED12D1BF7630095ACBB /* Release */ = {
			isa = XCBuildConfiguration;
			baseConfigurationReference = F46FF12B1BEE585F53BB5907 /* Pods-MovieBrowser2.release.xcconfig */;
			buildSettings = {
				ASSETCATALOG_COMPILER_APPICON_NAME = AppIcon;
				ASSETCATALOG_COMPILER_GLOBAL_ACCENT_COLOR_NAME = AccentColor;
				CODE_SIGN_STYLE = Manual;
				CURRENT_PROJECT_VERSION = 1;
				DEVELOPMENT_TEAM = "";
				GENERATE_INFOPLIST_FILE = YES;
				INFOPLIST_FILE = MovieBrowser2/Info.plist;
				INFOPLIST_KEY_UIApplicationSupportsIndirectInputEvents = YES;
				INFOPLIST_KEY_UILaunchStoryboardName = LaunchScreen;
				INFOPLIST_KEY_UIMainStoryboardFile = Main;
				INFOPLIST_KEY_UISupportedInterfaceOrientations_iPad = "UIInterfaceOrientationPortrait UIInterfaceOrientationPortraitUpsideDown UIInterfaceOrientationLandscapeLeft UIInterfaceOrientationLandscapeRight";
				INFOPLIST_KEY_UISupportedInterfaceOrientations_iPhone = "UIInterfaceOrientationPortrait UIInterfaceOrientationLandscapeLeft UIInterfaceOrientationLandscapeRight";
				LD_RUNPATH_SEARCH_PATHS = (
					"$(inherited)",
					"@executable_path/Frameworks",
				);
				MARKETING_VERSION = 1.0;
				PRODUCT_BUNDLE_IDENTIFIER = edmund.MovieBrowser2;
				PRODUCT_NAME = "$(TARGET_NAME)";
				PROVISIONING_PROFILE_SPECIFIER = "";
				SWIFT_EMIT_LOC_STRINGS = YES;
				SWIFT_VERSION = 5.0;
				TARGETED_DEVICE_FAMILY = "1,2";
			};
			name = Release;
		};
/* End XCBuildConfiguration section */

/* Begin XCConfigurationList section */
		C23A1EB62D1BF7610095ACBB /* Build configuration list for PBXProject "MovieBrowser2" */ = {
			isa = XCConfigurationList;
			buildConfigurations = (
				C23A1ECD2D1BF7630095ACBB /* Debug */,
				C23A1ECE2D1BF7630095ACBB /* Release */,
			);
			defaultConfigurationIsVisible = 0;
			defaultConfigurationName = Release;
		};
		C23A1ECF2D1BF7630095ACBB /* Build configuration list for PBXNativeTarget "MovieBrowser2" */ = {
			isa = XCConfigurationList;
			buildConfigurations = (
				C23A1ED02D1BF7630095ACBB /* Debug */,
				C23A1ED12D1BF7630095ACBB /* Release */,
			);
			defaultConfigurationIsVisible = 0;
			defaultConfigurationName = Release;
		};
/* End XCConfigurationList section */

/* Begin XCRemoteSwiftPackageReference section */
		C27310CA2D1D927A0055081E /* XCRemoteSwiftPackageReference "SDWebImage" */ = {
			isa = XCRemoteSwiftPackageReference;
			repositoryURL = "https://github.com/SDWebImage/SDWebImage.git";
			requirement = {
				kind = upToNextMajorVersion;
				minimumVersion = 5.20.0;
			};
		};
/* End XCRemoteSwiftPackageReference section */

/* Begin XCSwiftPackageProductDependency section */
		C27310CB2D1D927A0055081E /* SDWebImage */ = {
			isa = XCSwiftPackageProductDependency;
			package = C27310CA2D1D927A0055081E /* XCRemoteSwiftPackageReference "SDWebImage" */;
			productName = SDWebImage;
		};
		C27310CD2D1D927A0055081E /* SDWebImageMapKit */ = {
			isa = XCSwiftPackageProductDependency;
			package = C27310CA2D1D927A0055081E /* XCRemoteSwiftPackageReference "SDWebImage" */;
			productName = SDWebImageMapKit;
		};
/* End XCSwiftPackageProductDependency section */
	};
	rootObject = C23A1EB32D1BF7610095ACBB /* Project object */;
}
